
Microsoft Visual Studio Solution File, Format Version 12.00
# Visual Studio 15
VisualStudioVersion = 15.0.26730.16
MinimumVisualStudioVersion = 10.0.40219.1
Project("{FAE04EC0-301F-11D3-BF4B-00C04F79EFBC}") = "LaparoMockTester", "LaparoTester\LaparoMockTester.csproj", "{3463C885-6D22-4FDB-95A9-A8B49AD79464}"
EndProject
Global
	GlobalSection(SolutionConfigurationPlatforms) = preSolution
		Debug|Any CPU = Debug|Any CPU
		Release|Any CPU = Release|Any CPU
	EndGlobalSection
	GlobalSection(ProjectConfigurationPlatforms) = postSolution
		{3463C885-6D22-4FDB-95A9-A8B49AD79464}.Debug|Any CPU.ActiveCfg = Debug|Any CPU
		{3463C885-6D22-4FDB-95A9-A8B49AD79464}.Debug|Any CPU.Build.0 = Debug|Any CPU
		{3463C885-6D22-4FDB-95A9-A8B49AD79464}.Release|Any CPU.ActiveCfg = Release|Any CPU
		{3463C885-6D22-4FDB-95A9-A8B49AD79464}.Release|Any CPU.Build.0 = Release|Any CPU
	EndGlobalSection
	GlobalSection(SolutionProperties) = preSolution
		HideSolutionNode = FALSE
	EndGlobalSection
	GlobalSection(ExtensibilityGlobals) = postSolution
		SolutionGuid = {F938C9C6-D7F5-4054-8F08-0201659EB1AB}
	EndGlobalSection
EndGlobal
